github.com/ethereum/go-ethereum v1.15.4 h1:a0P+AalZaosp97rfKoYXHYWzyK3+jXWZrciM9S7XFrI=
github.com/ethereum/go-ethereum v1.15.4/go.mod h1:1LG2LnMOx2yPRHR/S+xuipXH29vPr6BIH6GElD8N/fo=
github.com/holiman/uint256 v1.3.2 h1:a9EgMPSC1AAaj1SZL5zIQD3WbwTuHrMGOerLjGmM/TA=
github.com/holiman/uint256 v1.3.2/go.mod h1:EOMSn4q6Nyt9P6efbI3bueV4e1b3dGlUCXeiRV4ng7E=
